
Microsoft Visual Studio Solution File, Format Version 12.00
# Visual Studio Version 17
VisualStudioVersion = 17.5.002.0
MinimumVisualStudioVersion = 10.0.40219.1
Project("{9A19103F-16F7-4668-BE54-9A1E7A4F7556}") = "Observatory", "Observatory\Observatory.csproj", "{33B8B34D-A1FA-4A4B-8635-3360A2AD9E80}"
EndProject
Global
	GlobalSection(SolutionConfigurationPlatforms) = preSolution
		Debug|Any CPU = Debug|Any CPU
		Release|Any CPU = Release|Any CPU
	EndGlobalSection
	GlobalSection(ProjectConfigurationPlatforms) = postSolution
		{33B8B34D-A1FA-4A4B-8635-3360A2AD9E80}.Debug|Any CPU.ActiveCfg = Debug|Any CPU
		{33B8B34D-A1FA-4A4B-8635-3360A2AD9E80}.Debug|Any CPU.Build.0 = Debug|Any CPU
		{33B8B34D-A1FA-4A4B-8635-3360A2AD9E80}.Release|Any CPU.ActiveCfg = Release|Any CPU
		{33B8B34D-A1FA-4A4B-8635-3360A2AD9E80}.Release|Any CPU.Build.0 = Release|Any CPU
	EndGlobalSection
	GlobalSection(SolutionProperties) = preSolution
		HideSolutionNode = FALSE
	EndGlobalSection
	GlobalSection(ExtensibilityGlobals) = postSolution
		SolutionGuid = {80D86919-2085-4648-98ED-5B1B577A72C3}
	EndGlobalSection
EndGlobal
